<?xml version="1.0" encoding="utf-8"?>
<Project ToolsVersion="4.0" xmlns="http://schemas.microsoft.com/developer/msbuild/2003">
  <ItemGroup>
    <Filter Include="Utils">
      <UniqueIdentifier>{ce4ae29e-e159-4eea-8749-a2badc785975}</UniqueIdentifier>
    </Filter>
    <Filter Include="Source Files">
      <UniqueIdentifier>{4FC737F1-C7A5-4376-A066-2A32D752A2FF}</UniqueIdentifier>
      <Extensions>cpp;c;cc;cxx;def;odl;idl;hpj;bat;asm;asmx</Extensions>
    </Filter>
    <Filter Include="Resource Files">
      <UniqueIdentifier>{67DA6AB6-F800-4c08-8B7A-83BB121AAD01}</UniqueIdentifier>
      <Extensions>rc;ico;cur;bmp;dlg;rc2;rct;bin;rgs;gif;jpg;jpeg;jpe;resx;tiff;tif;png;wav;mfcribbon-ms</Extensions>
    </Filter>
    <Filter Include="Header Files">
      <UniqueIdentifier>{93995380-89BD-4b04-88EB-625FBE52EBFB}</UniqueIdentifier>
      <Extensions>h;hh;hpp;hxx;hm;inl;inc;ipp;xsd</Extensions>
    </Filter>
    <Filter Include="Source Files\calibration">
      <UniqueIdentifier>{070967e5-98c0-48be-86d1-9001d63c9ebe}</UniqueIdentifier>
    </Filter>
    <Filter Include="Source Files\capturing">
      <UniqueIdentifier>{240743e8-bbd3-4cd2-ab0b-d45c5abacb6a}</UniqueIdentifier>
    </Filter>
    <Filter Include="Source Files\main_pipeline">
      <UniqueIdentifier>{135e0797-27a7-481b-999b-bcf3b1ca365d}</UniqueIdentifier>
    </Filter>
  </ItemGroup>
  <ItemGroup>
    <ClCompile Include="main.cpp">
      <Filter>Source Files\main_pipeline</Filter>
    </ClCompile>
    <ClCompile Include="FreeImageHelper.cpp">
      <Filter>Utils</Filter>
    </ClCompile>
    <ClCompile Include="Volume.cpp">
      <Filter>Utils</Filter>
    </ClCompile>
  </ItemGroup>
  <ItemGroup>
    <ClInclude Include="PointCloud.h">
      <Filter>Utils</Filter>
    </ClInclude>
    <ClInclude Include="ProcrustesAligner.h">
      <Filter>Utils</Filter>
    </ClInclude>
    <ClInclude Include="SimpleMesh.h">
      <Filter>Utils</Filter>
    </ClInclude>
    <ClInclude Include="VirtualSensor.h">
      <Filter>Utils</Filter>
    </ClInclude>
    <ClInclude Include="Eigen.h">
      <Filter>Utils</Filter>
    </ClInclude>
    <ClInclude Include="FreeImageHelper.h">
      <Filter>Utils</Filter>
    </ClInclude>
    <ClInclude Include="ICPOptimizer.h">
      <Filter>Utils</Filter>
    </ClInclude>
    <ClInclude Include="NearestNeighbor.h">
      <Filter>Utils</Filter>
    </ClInclude>
    <ClInclude Include="VirtualSensorOpenNI.h">
      <Filter>Utils</Filter>
    </ClInclude>
    <ClInclude Include="rbf.h">
      <Filter>Utils</Filter>
    </ClInclude>
    <ClInclude Include="ImplicitSurface.h">
      <Filter>Utils</Filter>
    </ClInclude>
    <ClInclude Include="Volume.h">
      <Filter>Utils</Filter>
    </ClInclude>
    <ClInclude Include="MarchingCubes.h">
      <Filter>Utils</Filter>
    </ClInclude>
    <ClInclude Include="SimpleMesh2.h">
      <Filter>Utils</Filter>
    </ClInclude>
    <ClInclude Include="icp.h">
      <Filter>Utils</Filter>
    </ClInclude>
  </ItemGroup>
</Project>